// !$*UTF8*$!
{
	archiveVersion = 1;
	classes = {
	};
	objectVersion = 46;
	objects = {

/* Begin PBXBuildFile section */
		2359EBE414781D6300E6CA39 /* RomObjTile.m in Sources */ = {isa = PBXBuildFile; fileRef = 2359EBE314781D6300E6CA39 /* RomObjTile.m */; };
		3C037EA114C629DD00B4F148 /* ImportWindowController.m in Sources */ = {isa = PBXBuildFile; fileRef = 3C037EA014C629DD00B4F148 /* ImportWindowController.m */; };
		3C0BB1C41408782700D12DDA /* RomBase.m in Sources */ = {isa = PBXBuildFile; fileRef = 3C0BB1C31408782700D12DDA /* RomBase.m */; };
		3C2EC60C16757960004BC8F5 /* RomObjAIData.m in Sources */ = {isa = PBXBuildFile; fileRef = 3C2EC60B16757960004BC8F5 /* RomObjAIData.m */; };
		3C40302E14B04FE700CEB708 /* SMKTrackView.m in Sources */ = {isa = PBXBuildFile; fileRef = 3C40302D14B04FE600CEB708 /* SMKTrackView.m */; };
		3C40DC5414AEBFDB00EB296F /* RomObjTrack.m in Sources */ = {isa = PBXBuildFile; fileRef = 3C40DC5314AEBFDB00EB296F /* RomObjTrack.m */; };
		3C4E6F0214B7694000035A8C /* RomObjKart.m in Sources */ = {isa = PBXBuildFile; fileRef = 3C4E6F0114B7694000035A8C /* RomObjKart.m */; };
		3C5C1B0B14D6334F001039D6 /* ToolWindow.xib in Resources */ = {isa = PBXBuildFile; fileRef = 3C5C1B0A14D6334F001039D6 /* ToolWindow.xib */; };
		3C6063AC14D2008F0080E64A /* DataRom.m in Sources */ = {isa = PBXBuildFile; fileRef = 3C6063AB14D2008F0080E64A /* DataRom.m */; };
		3C6095F614B145EB00355751 /* TrackEditorWindow.m in Sources */ = {isa = PBXBuildFile; fileRef = 3C6095F514B145EB00355751 /* TrackEditorWindow.m */; };
		3C647CE714D6067D005AC9A7 /* ImportDeleteWindowController.m in Sources */ = {isa = PBXBuildFile; fileRef = 3C647CE614D6067D005AC9A7 /* ImportDeleteWindowController.m */; };
		3C647CF014D61A2F005AC9A7 /* DataRom+Helpers.m in Sources */ = {isa = PBXBuildFile; fileRef = 3C647CEF14D61A2F005AC9A7 /* DataRom+Helpers.m */; };
		3C676EAF14B58DCC007BB414 /* ImportWindow.m in Sources */ = {isa = PBXBuildFile; fileRef = 3C676EAE14B58DCC007BB414 /* ImportWindow.m */; };
		3C6A5288146E1D87007D4BF3 /* RomObjPaletteGroup.m in Sources */ = {isa = PBXBuildFile; fileRef = 3C6A5287146E1D87007D4BF3 /* RomObjPaletteGroup.m */; };
		3C6A528C146E1E1B007D4BF3 /* RomObjPalette.m in Sources */ = {isa = PBXBuildFile; fileRef = 3C6A528B146E1E1B007D4BF3 /* RomObjPalette.m */; };
		3C8169AB166311F5002583D3 /* RomBase+Info.m in Sources */ = {isa = PBXBuildFile; fileRef = 3C8169AA166311F5002583D3 /* RomBase+Info.m */; };
		3C881F0614D88B530096F949 /* ProcessWindow.xib in Resources */ = {isa = PBXBuildFile; fileRef = 3C881F0514D88B530096F949 /* ProcessWindow.xib */; };
		3C881F0B14D88E3E0096F949 /* ProcessWindow.m in Sources */ = {isa = PBXBuildFile; fileRef = 3C881F0A14D88E3E0096F949 /* ProcessWindow.m */; };
		3C89D8ED14C8C1B000BD8522 /* SMK.xcdatamodeld in Sources */ = {isa = PBXBuildFile; fileRef = 3C89D8EB14C8C1B000BD8522 /* SMK.xcdatamodeld */; };
		3C89D8F014C8C99300BD8522 /* DataRomManager.m in Sources */ = {isa = PBXBuildFile; fileRef = 3C89D8EF14C8C99300BD8522 /* DataRomManager.m */; };
		3C904B14140874B200A46814 /* Cocoa.framework in Frameworks */ = {isa = PBXBuildFile; fileRef = 3C904B13140874B200A46814 /* Cocoa.framework */; };
		3C904B1E140874B200A46814 /* InfoPlist.strings in Resources */ = {isa = PBXBuildFile; fileRef = 3C904B1C140874B200A46814 /* InfoPlist.strings */; };
		3C904B20140874B200A46814 /* main.m in Sources */ = {isa = PBXBuildFile; fileRef = 3C904B1F140874B200A46814 /* main.m */; };
		3C904B24140874B200A46814 /* Credits.rtf in Resources */ = {isa = PBXBuildFile; fileRef = 3C904B22140874B200A46814 /* Credits.rtf */; };
		3C904B27140874B200A46814 /* AppDelegate.m in Sources */ = {isa = PBXBuildFile; fileRef = 3C904B26140874B200A46814 /* AppDelegate.m */; };
		3C904B2A140874B200A46814 /* MainMenu.xib in Resources */ = {isa = PBXBuildFile; fileRef = 3C904B28140874B200A46814 /* MainMenu.xib */; };
		3CA38A5814D4E68B00FB277B /* ImportDeleteWindow.m in Sources */ = {isa = PBXBuildFile; fileRef = 3CA38A5714D4E68B00FB277B /* ImportDeleteWindow.m */; };
		3CA38A5B14D4E6A300FB277B /* ImportDeleteWindow.xib in Resources */ = {isa = PBXBuildFile; fileRef = 3CA38A5A14D4E6A300FB277B /* ImportDeleteWindow.xib */; };
		3CA805C81468AEBE0017587F /* NSValue+Rom.m in Sources */ = {isa = PBXBuildFile; fileRef = 3CA805C71468AEBE0017587F /* NSValue+Rom.m */; };
		3CC563791469D933005FBADC /* RomObjText.m in Sources */ = {isa = PBXBuildFile; fileRef = 3CC563781469D933005FBADC /* RomObjText.m */; };
		3CC5637C1469DA0D005FBADC /* RomObj.m in Sources */ = {isa = PBXBuildFile; fileRef = 3CC5637B1469DA0D005FBADC /* RomObj.m */; };
		3CC5637F1469EC1B005FBADC /* RomObjTheme.m in Sources */ = {isa = PBXBuildFile; fileRef = 3CC5637E1469EC1B005FBADC /* RomObjTheme.m */; };
		3CC563821469EC94005FBADC /* NSData+Decompressor.m in Sources */ = {isa = PBXBuildFile; fileRef = 3CC563811469EC94005FBADC /* NSData+Decompressor.m */; };
		3CC56385146A1177005FBADC /* RomObjTileGroup.m in Sources */ = {isa = PBXBuildFile; fileRef = 3CC56384146A1177005FBADC /* RomObjTileGroup.m */; };
		3CC9F88014B2FDC4000AE6A4 /* RomObjOverlay.m in Sources */ = {isa = PBXBuildFile; fileRef = 3CC9F87F14B2FDC4000AE6A4 /* RomObjOverlay.m */; };
		3CCED08514D4AC2D00CE3C72 /* DataRomTransformer.m in Sources */ = {isa = PBXBuildFile; fileRef = 3CCED08414D4AC2D00CE3C72 /* DataRomTransformer.m */; };
		3CD9059814C792840018B80B /* usa_flag_256.png in Resources */ = {isa = PBXBuildFile; fileRef = 3CD9059514C792840018B80B /* usa_flag_256.png */; };
		3CDB04E41409C7FC00D4201D /* RomEUR.m in Sources */ = {isa = PBXBuildFile; fileRef = 3CDB04E31409C7FC00D4201D /* RomEUR.m */; };
		3CDF988814DF543800B29526 /* ProcessWindowController.m in Sources */ = {isa = PBXBuildFile; fileRef = 3CDF988714DF543800B29526 /* ProcessWindowController.m */; };
		3CF4085414C4BC9800F92E60 /* ImportWindow.xib in Resources */ = {isa = PBXBuildFile; fileRef = 3CF4085314C4BC9800F92E60 /* ImportWindow.xib */; };
		3CF4085F14C4C82B00F92E60 /* ImportWindowTableRowView.m in Sources */ = {isa = PBXBuildFile; fileRef = 3CF4085E14C4C82B00F92E60 /* ImportWindowTableRowView.m */; };
		FE1DB59D16A4DE49001B0FF2 /* australia_flag_256.png in Resources */ = {isa = PBXBuildFile; fileRef = FE1DB58C16A4DE49001B0FF2 /* australia_flag_256.png */; };
		FE1DB59E16A4DE49001B0FF2 /* austria_flag_256.png in Resources */ = {isa = PBXBuildFile; fileRef = FE1DB58D16A4DE49001B0FF2 /* austria_flag_256.png */; };
		FE1DB59F16A4DE49001B0FF2 /* china_flag_256.png in Resources */ = {isa = PBXBuildFile; fileRef = FE1DB58E16A4DE49001B0FF2 /* china_flag_256.png */; };
		FE1DB5A016A4DE49001B0FF2 /* denmark_flag_256.png in Resources */ = {isa = PBXBuildFile; fileRef = FE1DB58F16A4DE49001B0FF2 /* denmark_flag_256.png */; };
		FE1DB5A116A4DE49001B0FF2 /* europe_flag_256.png in Resources */ = {isa = PBXBuildFile; fileRef = FE1DB59016A4DE49001B0FF2 /* europe_flag_256.png */; };
		FE1DB5A216A4DE49001B0FF2 /* finland_flag_256.png in Resources */ = {isa = PBXBuildFile; fileRef = FE1DB59116A4DE49001B0FF2 /* finland_flag_256.png */; };
		FE1DB5A316A4DE49001B0FF2 /* france_flag_256.png in Resources */ = {isa = PBXBuildFile; fileRef = FE1DB59216A4DE49001B0FF2 /* france_flag_256.png */; };
		FE1DB5A416A4DE49001B0FF2 /* germany_flag_256.png in Resources */ = {isa = PBXBuildFile; fileRef = FE1DB59316A4DE49001B0FF2 /* germany_flag_256.png */; };
		FE1DB5A516A4DE49001B0FF2 /* hong_kong_flag_256.png in Resources */ = {isa = PBXBuildFile; fileRef = FE1DB59416A4DE49001B0FF2 /* hong_kong_flag_256.png */; };
		FE1DB5A616A4DE49001B0FF2 /* indonesia_flag_256.png in Resources */ = {isa = PBXBuildFile; fileRef = FE1DB59516A4DE49001B0FF2 /* indonesia_flag_256.png */; };
		FE1DB5A716A4DE49001B0FF2 /* italy_flag_256.png in Resources */ = {isa = PBXBuildFile; fileRef = FE1DB59616A4DE49001B0FF2 /* italy_flag_256.png */; };
		FE1DB5A816A4DE49001B0FF2 /* japan_flag_256.png in Resources */ = {isa = PBXBuildFile; fileRef = FE1DB59716A4DE49001B0FF2 /* japan_flag_256.png */; };
		FE1DB5A916A4DE49001B0FF2 /* korea_flag_256.png in Resources */ = {isa = PBXBuildFile; fileRef = FE1DB59816A4DE49001B0FF2 /* korea_flag_256.png */; };
		FE1DB5AA16A4DE49001B0FF2 /* netherlands_flag_256.png in Resources */ = {isa = PBXBuildFile; fileRef = FE1DB59916A4DE49001B0FF2 /* netherlands_flag_256.png */; };
		FE1DB5AB16A4DE49001B0FF2 /* spain_flag_256.png in Resources */ = {isa = PBXBuildFile; fileRef = FE1DB59A16A4DE49001B0FF2 /* spain_flag_256.png */; };
		FE1DB5AC16A4DE49001B0FF2 /* switzerland_flag_256.png in Resources */ = {isa = PBXBuildFile; fileRef = FE1DB59B16A4DE49001B0FF2 /* switzerland_flag_256.png */; };
		FE1DB5AD16A4DE49001B0FF2 /* usa_flag_256.png in Resources */ = {isa = PBXBuildFile; fileRef = FE1DB59C16A4DE49001B0FF2 /* usa_flag_256.png */; };
		FEB22343167C1D7E00ACF773 /* AppKit.framework in Frameworks */ = {isa = PBXBuildFile; fileRef = 3C904B16140874B200A46814 /* AppKit.framework */; };
		FEB22345167C1D9600ACF773 /* CoreData.framework in Frameworks */ = {isa = PBXBuildFile; fileRef = 3C904B17140874B200A46814 /* CoreData.framework */; };
		FEB22346167C1DA200ACF773 /* Foundation.framework in Frameworks */ = {isa = PBXBuildFile; fileRef = 3C904B18140874B200A46814 /* Foundation.framework */; };
		FEF62408167E1C95002ACEEA /* SpriteViewerController.m in Sources */ = {isa = PBXBuildFile; fileRef = FEF62406167E1C95002ACEEA /* SpriteViewerController.m */; };
		FEF62411167E2296002ACEEA /* SpriteViewer.m in Sources */ = {isa = PBXBuildFile; fileRef = FEF62410167E2296002ACEEA /* SpriteViewer.m */; };
		FEF62413167E22AE002ACEEA /* SpriteViewer.xib in Resources */ = {isa = PBXBuildFile; fileRef = FEF62412167E22AE002ACEEA /* SpriteViewer.xib */; };
/* End PBXBuildFile section */

/* Begin PBXFileReference section */
		2359EBE214781D6300E6CA39 /* RomObjTile.h */ = {isa = PBXFileReference; fileEncoding = 4; lastKnownFileType = sourcecode.c.h; path = RomObjTile.h; sourceTree = "<group>"; };
		2359EBE314781D6300E6CA39 /* RomObjTile.m */ = {isa = PBXFileReference; fileEncoding = 4; lastKnownFileType = sourcecode.c.objc; path = RomObjTile.m; sourceTree = "<group>"; };
		3C037E9F14C629DD00B4F148 /* ImportWindowController.h */ = {isa = PBXFileReference; fileEncoding = 4; lastKnownFileType = sourcecode.c.h; path = ImportWindowController.h; sourceTree = "<group>"; };
		3C037EA014C629DD00B4F148 /* ImportWindowController.m */ = {isa = PBXFileReference; fileEncoding = 4; lastKnownFileType = sourcecode.c.objc; path = ImportWindowController.m; sourceTree = "<group>"; };
		3C0BB1C21408782700D12DDA /* RomBase.h */ = {isa = PBXFileReference; fileEncoding = 4; lastKnownFileType = sourcecode.c.h; path = RomBase.h; sourceTree = "<group>"; };
		3C0BB1C31408782700D12DDA /* RomBase.m */ = {isa = PBXFileReference; fileEncoding = 4; lastKnownFileType = sourcecode.c.objc; path = RomBase.m; sourceTree = "<group>"; };
		3C2EC60A1675795F004BC8F5 /* RomObjAIData.h */ = {isa = PBXFileReference; fileEncoding = 4; lastKnownFileType = sourcecode.c.h; path = RomObjAIData.h; sourceTree = "<group>"; };
		3C2EC60B16757960004BC8F5 /* RomObjAIData.m */ = {isa = PBXFileReference; fileEncoding = 4; lastKnownFileType = sourcecode.c.objc; path = RomObjAIData.m; sourceTree = "<group>"; };
		3C40302C14B04FE600CEB708 /* SMKTrackView.h */ = {isa = PBXFileReference; fileEncoding = 4; lastKnownFileType = sourcecode.c.h; path = SMKTrackView.h; sourceTree = "<group>"; };
		3C40302D14B04FE600CEB708 /* SMKTrackView.m */ = {isa = PBXFileReference; fileEncoding = 4; lastKnownFileType = sourcecode.c.objc; path = SMKTrackView.m; sourceTree = "<group>"; };
		3C40DC5214AEBFDA00EB296F /* RomObjTrack.h */ = {isa = PBXFileReference; fileEncoding = 4; lastKnownFileType = sourcecode.c.h; path = RomObjTrack.h; sourceTree = "<group>"; };
		3C40DC5314AEBFDB00EB296F /* RomObjTrack.m */ = {isa = PBXFileReference; fileEncoding = 4; lastKnownFileType = sourcecode.c.objc; path = RomObjTrack.m; sourceTree = "<group>"; };
		3C4E6F0014B7694000035A8C /* RomObjKart.h */ = {isa = PBXFileReference; fileEncoding = 4; lastKnownFileType = sourcecode.c.h; path = RomObjKart.h; sourceTree = "<group>"; };
		3C4E6F0114B7694000035A8C /* RomObjKart.m */ = {isa = PBXFileReference; fileEncoding = 4; lastKnownFileType = sourcecode.c.objc; path = RomObjKart.m; sourceTree = "<group>"; };
		3C4F9A19146F7D1A0055796F /* RomTypes.h */ = {isa = PBXFileReference; fileEncoding = 4; lastKnownFileType = sourcecode.c.h; path = RomTypes.h; sourceTree = "<group>"; };
		3C5C1B0A14D6334F001039D6 /* ToolWindow.xib */ = {isa = PBXFileReference; fileEncoding = 4; lastKnownFileType = file.xib; path = ToolWindow.xib; sourceTree = "<group>"; };
		3C6063AA14D2008F0080E64A /* DataRom.h */ = {isa = PBXFileReference; fileEncoding = 4; lastKnownFileType = sourcecode.c.h; path = DataRom.h; sourceTree = "<group>"; };
		3C6063AB14D2008F0080E64A /* DataRom.m */ = {isa = PBXFileReference; fileEncoding = 4; lastKnownFileType = sourcecode.c.objc; path = DataRom.m; sourceTree = "<group>"; };
		3C6095F414B145EB00355751 /* TrackEditorWindow.h */ = {isa = PBXFileReference; fileEncoding = 4; lastKnownFileType = sourcecode.c.h; path = TrackEditorWindow.h; sourceTree = "<group>"; };
		3C6095F514B145EB00355751 /* TrackEditorWindow.m */ = {isa = PBXFileReference; fileEncoding = 4; lastKnownFileType = sourcecode.c.objc; path = TrackEditorWindow.m; sourceTree = "<group>"; };
		3C647CE514D6067D005AC9A7 /* ImportDeleteWindowController.h */ = {isa = PBXFileReference; fileEncoding = 4; lastKnownFileType = sourcecode.c.h; path = ImportDeleteWindowController.h; sourceTree = "<group>"; };
		3C647CE614D6067D005AC9A7 /* ImportDeleteWindowController.m */ = {isa = PBXFileReference; fileEncoding = 4; lastKnownFileType = sourcecode.c.objc; path = ImportDeleteWindowController.m; sourceTree = "<group>"; };
		3C647CEE14D61A2F005AC9A7 /* DataRom+Helpers.h */ = {isa = PBXFileReference; fileEncoding = 4; lastKnownFileType = sourcecode.c.h; path = "DataRom+Helpers.h"; sourceTree = "<group>"; };
		3C647CEF14D61A2F005AC9A7 /* DataRom+Helpers.m */ = {isa = PBXFileReference; fileEncoding = 4; lastKnownFileType = sourcecode.c.objc; path = "DataRom+Helpers.m"; sourceTree = "<group>"; };
		3C676EAD14B58DCC007BB414 /* ImportWindow.h */ = {isa = PBXFileReference; fileEncoding = 4; lastKnownFileType = sourcecode.c.h; path = ImportWindow.h; sourceTree = "<group>"; };
		3C676EAE14B58DCC007BB414 /* ImportWindow.m */ = {isa = PBXFileReference; fileEncoding = 4; lastKnownFileType = sourcecode.c.objc; path = ImportWindow.m; sourceTree = "<group>"; };
		3C6A5286146E1D87007D4BF3 /* RomObjPaletteGroup.h */ = {isa = PBXFileReference; fileEncoding = 4; lastKnownFileType = sourcecode.c.h; path = RomObjPaletteGroup.h; sourceTree = "<group>"; };
		3C6A5287146E1D87007D4BF3 /* RomObjPaletteGroup.m */ = {isa = PBXFileReference; fileEncoding = 4; lastKnownFileType = sourcecode.c.objc; path = RomObjPaletteGroup.m; sourceTree = "<group>"; };
		3C6A528A146E1E1B007D4BF3 /* RomObjPalette.h */ = {isa = PBXFileReference; fileEncoding = 4; lastKnownFileType = sourcecode.c.h; path = RomObjPalette.h; sourceTree = "<group>"; };
		3C6A528B146E1E1B007D4BF3 /* RomObjPalette.m */ = {isa = PBXFileReference; fileEncoding = 4; lastKnownFileType = sourcecode.c.objc; path = RomObjPalette.m; sourceTree = "<group>"; };
		3C8169A9166311F5002583D3 /* RomBase+Info.h */ = {isa = PBXFileReference; fileEncoding = 4; lastKnownFileType = sourcecode.c.h; path = "RomBase+Info.h"; sourceTree = "<group>"; };
		3C8169AA166311F5002583D3 /* RomBase+Info.m */ = {isa = PBXFileReference; fileEncoding = 4; lastKnownFileType = sourcecode.c.objc; path = "RomBase+Info.m"; sourceTree = "<group>"; };
		3C881F0514D88B530096F949 /* ProcessWindow.xib */ = {isa = PBXFileReference; fileEncoding = 4; lastKnownFileType = file.xib; path = ProcessWindow.xib; sourceTree = "<group>"; };
		3C881F0914D88E3E0096F949 /* ProcessWindow.h */ = {isa = PBXFileReference; fileEncoding = 4; lastKnownFileType = sourcecode.c.h; path = ProcessWindow.h; sourceTree = "<group>"; };
		3C881F0A14D88E3E0096F949 /* ProcessWindow.m */ = {isa = PBXFileReference; fileEncoding = 4; lastKnownFileType = sourcecode.c.objc; path = ProcessWindow.m; sourceTree = "<group>"; };
		3C89D8EC14C8C1B000BD8522 /* SMK.xcdatamodel */ = {isa = PBXFileReference; lastKnownFileType = wrapper.xcdatamodel; path = SMK.xcdatamodel; sourceTree = "<group>"; };
		3C89D8EE14C8C99300BD8522 /* DataRomManager.h */ = {isa = PBXFileReference; fileEncoding = 4; lastKnownFileType = sourcecode.c.h; path = DataRomManager.h; sourceTree = "<group>"; };
		3C89D8EF14C8C99300BD8522 /* DataRomManager.m */ = {isa = PBXFileReference; fileEncoding = 4; lastKnownFileType = sourcecode.c.objc; path = DataRomManager.m; sourceTree = "<group>"; };
		3C904B0F140874B200A46814 /* SMK Editor.app */ = {isa = PBXFileReference; explicitFileType = wrapper.application; includeInIndex = 0; path = "SMK Editor.app"; sourceTree = BUILT_PRODUCTS_DIR; };
		3C904B13140874B200A46814 /* Cocoa.framework */ = {isa = PBXFileReference; lastKnownFileType = wrapper.framework; name = Cocoa.framework; path = System/Library/Frameworks/Cocoa.framework; sourceTree = SDKROOT; };
		3C904B16140874B200A46814 /* AppKit.framework */ = {isa = PBXFileReference; lastKnownFileType = wrapper.framework; name = AppKit.framework; path = System/Library/Frameworks/AppKit.framework; sourceTree = SDKROOT; };
		3C904B17140874B200A46814 /* CoreData.framework */ = {isa = PBXFileReference; lastKnownFileType = wrapper.framework; name = CoreData.framework; path = System/Library/Frameworks/CoreData.framework; sourceTree = SDKROOT; };
		3C904B18140874B200A46814 /* Foundation.framework */ = {isa = PBXFileReference; lastKnownFileType = wrapper.framework; name = Foundation.framework; path = System/Library/Frameworks/Foundation.framework; sourceTree = SDKROOT; };
		3C904B1B140874B200A46814 /* SMK Editor-Info.plist */ = {isa = PBXFileReference; lastKnownFileType = text.plist.xml; path = "SMK Editor-Info.plist"; sourceTree = "<group>"; };
		3C904B1D140874B200A46814 /* en */ = {isa = PBXFileReference; lastKnownFileType = text.plist.strings; name = en; path = en.lproj/InfoPlist.strings; sourceTree = "<group>"; };
		3C904B1F140874B200A46814 /* main.m */ = {isa = PBXFileReference; lastKnownFileType = sourcecode.c.objc; path = main.m; sourceTree = "<group>"; };
		3C904B21140874B200A46814 /* SMK Editor-Prefix.pch */ = {isa = PBXFileReference; lastKnownFileType = sourcecode.c.h; path = "SMK Editor-Prefix.pch"; sourceTree = "<group>"; };
		3C904B23140874B200A46814 /* en */ = {isa = PBXFileReference; lastKnownFileType = text.rtf; name = en; path = en.lproj/Credits.rtf; sourceTree = "<group>"; };
		3C904B25140874B200A46814 /* AppDelegate.h */ = {isa = PBXFileReference; lastKnownFileType = sourcecode.c.h; path = AppDelegate.h; sourceTree = "<group>"; };
		3C904B26140874B200A46814 /* AppDelegate.m */ = {isa = PBXFileReference; lastKnownFileType = sourcecode.c.objc; path = AppDelegate.m; sourceTree = "<group>"; };
		3C904B29140874B200A46814 /* en */ = {isa = PBXFileReference; lastKnownFileType = file.xib; name = en; path = en.lproj/MainMenu.xib; sourceTree = "<group>"; };
		3CA38A5614D4E68B00FB277B /* ImportDeleteWindow.h */ = {isa = PBXFileReference; fileEncoding = 4; lastKnownFileType = sourcecode.c.h; path = ImportDeleteWindow.h; sourceTree = "<group>"; };
		3CA38A5714D4E68B00FB277B /* ImportDeleteWindow.m */ = {isa = PBXFileReference; fileEncoding = 4; lastKnownFileType = sourcecode.c.objc; path = ImportDeleteWindow.m; sourceTree = "<group>"; };
		3CA38A5A14D4E6A300FB277B /* ImportDeleteWindow.xib */ = {isa = PBXFileReference; fileEncoding = 4; lastKnownFileType = file.xib; path = ImportDeleteWindow.xib; sourceTree = "<group>"; };
		3CA805C61468AEBE0017587F /* NSValue+Rom.h */ = {isa = PBXFileReference; fileEncoding = 4; lastKnownFileType = sourcecode.c.h; path = "NSValue+Rom.h"; sourceTree = "<group>"; };
		3CA805C71468AEBE0017587F /* NSValue+Rom.m */ = {isa = PBXFileReference; fileEncoding = 4; lastKnownFileType = sourcecode.c.objc; path = "NSValue+Rom.m"; sourceTree = "<group>"; };
		3CA805CA1468B22D0017587F /* RomRange.h */ = {isa = PBXFileReference; fileEncoding = 4; lastKnownFileType = sourcecode.c.h; path = RomRange.h; sourceTree = "<group>"; };
		3CC563771469D933005FBADC /* RomObjText.h */ = {isa = PBXFileReference; fileEncoding = 4; lastKnownFileType = sourcecode.c.h; path = RomObjText.h; sourceTree = "<group>"; };
		3CC563781469D933005FBADC /* RomObjText.m */ = {isa = PBXFileReference; fileEncoding = 4; lastKnownFileType = sourcecode.c.objc; path = RomObjText.m; sourceTree = "<group>"; };
		3CC5637A1469DA0D005FBADC /* RomObj.h */ = {isa = PBXFileReference; fileEncoding = 4; lastKnownFileType = sourcecode.c.h; path = RomObj.h; sourceTree = "<group>"; };
		3CC5637B1469DA0D005FBADC /* RomObj.m */ = {isa = PBXFileReference; fileEncoding = 4; lastKnownFileType = sourcecode.c.objc; path = RomObj.m; sourceTree = "<group>"; };
		3CC5637D1469EC1B005FBADC /* RomObjTheme.h */ = {isa = PBXFileReference; fileEncoding = 4; lastKnownFileType = sourcecode.c.h; path = RomObjTheme.h; sourceTree = "<group>"; };
		3CC5637E1469EC1B005FBADC /* RomObjTheme.m */ = {isa = PBXFileReference; fileEncoding = 4; lastKnownFileType = sourcecode.c.objc; path = RomObjTheme.m; sourceTree = "<group>"; };
		3CC563801469EC94005FBADC /* NSData+Decompressor.h */ = {isa = PBXFileReference; fileEncoding = 4; lastKnownFileType = sourcecode.c.h; path = "NSData+Decompressor.h"; sourceTree = "<group>"; };
		3CC563811469EC94005FBADC /* NSData+Decompressor.m */ = {isa = PBXFileReference; fileEncoding = 4; lastKnownFileType = sourcecode.c.objc; path = "NSData+Decompressor.m"; sourceTree = "<group>"; };
		3CC56383146A1177005FBADC /* RomObjTileGroup.h */ = {isa = PBXFileReference; fileEncoding = 4; lastKnownFileType = sourcecode.c.h; path = RomObjTileGroup.h; sourceTree = "<group>"; };
		3CC56384146A1177005FBADC /* RomObjTileGroup.m */ = {isa = PBXFileReference; fileEncoding = 4; lastKnownFileType = sourcecode.c.objc; path = RomObjTileGroup.m; sourceTree = "<group>"; };
		3CC9F87E14B2FDC4000AE6A4 /* RomObjOverlay.h */ = {isa = PBXFileReference; fileEncoding = 4; lastKnownFileType = sourcecode.c.h; path = RomObjOverlay.h; sourceTree = "<group>"; };
		3CC9F87F14B2FDC4000AE6A4 /* RomObjOverlay.m */ = {isa = PBXFileReference; fileEncoding = 4; lastKnownFileType = sourcecode.c.objc; path = RomObjOverlay.m; sourceTree = "<group>"; };
		3CCED08314D4AC2D00CE3C72 /* DataRomTransformer.h */ = {isa = PBXFileReference; fileEncoding = 4; lastKnownFileType = sourcecode.c.h; path = DataRomTransformer.h; sourceTree = "<group>"; };
		3CCED08414D4AC2D00CE3C72 /* DataRomTransformer.m */ = {isa = PBXFileReference; fileEncoding = 4; lastKnownFileType = sourcecode.c.objc; path = DataRomTransformer.m; sourceTree = "<group>"; };
		3CD9059514C792840018B80B /* usa_flag_256.png */ = {isa = PBXFileReference; lastKnownFileType = image.png; name = usa_flag_256.png; path = Images/usa_flag_256.png; sourceTree = "<group>"; };
		3CDB04E21409C7FC00D4201D /* RomEUR.h */ = {isa = PBXFileReference; fileEncoding = 4; lastKnownFileType = sourcecode.c.h; path = RomEUR.h; sourceTree = "<group>"; };
		3CDB04E31409C7FC00D4201D /* RomEUR.m */ = {isa = PBXFileReference; fileEncoding = 4; lastKnownFileType = sourcecode.c.objc; path = RomEUR.m; sourceTree = "<group>"; };
		3CDEF649164ED5B400ACAF48 /* Singleton.h */ = {isa = PBXFileReference; lastKnownFileType = sourcecode.c.h; path = Singleton.h; sourceTree = "<group>"; };
		3CDF988614DF543800B29526 /* ProcessWindowController.h */ = {isa = PBXFileReference; fileEncoding = 4; lastKnownFileType = sourcecode.c.h; path = ProcessWindowController.h; sourceTree = "<group>"; };
		3CDF988714DF543800B29526 /* ProcessWindowController.m */ = {isa = PBXFileReference; fileEncoding = 4; lastKnownFileType = sourcecode.c.objc; path = ProcessWindowController.m; sourceTree = "<group>"; };
		3CF4085314C4BC9800F92E60 /* ImportWindow.xib */ = {isa = PBXFileReference; fileEncoding = 4; lastKnownFileType = file.xib; path = ImportWindow.xib; sourceTree = "<group>"; };
		3CF4085D14C4C82B00F92E60 /* ImportWindowTableRowView.h */ = {isa = PBXFileReference; fileEncoding = 4; lastKnownFileType = sourcecode.c.h; path = ImportWindowTableRowView.h; sourceTree = "<group>"; };
		3CF4085E14C4C82B00F92E60 /* ImportWindowTableRowView.m */ = {isa = PBXFileReference; fileEncoding = 4; lastKnownFileType = sourcecode.c.objc; path = ImportWindowTableRowView.m; sourceTree = "<group>"; };
		FE1DB58C16A4DE49001B0FF2 /* australia_flag_256.png */ = {isa = PBXFileReference; lastKnownFileType = image.png; name = australia_flag_256.png; path = Images/australia_flag_256.png; sourceTree = "<group>"; };
		FE1DB58D16A4DE49001B0FF2 /* austria_flag_256.png */ = {isa = PBXFileReference; lastKnownFileType = image.png; name = austria_flag_256.png; path = Images/austria_flag_256.png; sourceTree = "<group>"; };
		FE1DB58E16A4DE49001B0FF2 /* china_flag_256.png */ = {isa = PBXFileReference; lastKnownFileType = image.png; name = china_flag_256.png; path = Images/china_flag_256.png; sourceTree = "<group>"; };
		FE1DB58F16A4DE49001B0FF2 /* denmark_flag_256.png */ = {isa = PBXFileReference; lastKnownFileType = image.png; name = denmark_flag_256.png; path = Images/denmark_flag_256.png; sourceTree = "<group>"; };
		FE1DB59016A4DE49001B0FF2 /* europe_flag_256.png */ = {isa = PBXFileReference; lastKnownFileType = image.png; name = europe_flag_256.png; path = Images/europe_flag_256.png; sourceTree = "<group>"; };
		FE1DB59116A4DE49001B0FF2 /* finland_flag_256.png */ = {isa = PBXFileReference; lastKnownFileType = image.png; name = finland_flag_256.png; path = Images/finland_flag_256.png; sourceTree = "<group>"; };
		FE1DB59216A4DE49001B0FF2 /* france_flag_256.png */ = {isa = PBXFileReference; lastKnownFileType = image.png; name = france_flag_256.png; path = Images/france_flag_256.png; sourceTree = "<group>"; };
		FE1DB59316A4DE49001B0FF2 /* germany_flag_256.png */ = {isa = PBXFileReference; lastKnownFileType = image.png; name = germany_flag_256.png; path = Images/germany_flag_256.png; sourceTree = "<group>"; };
		FE1DB59416A4DE49001B0FF2 /* hong_kong_flag_256.png */ = {isa = PBXFileReference; lastKnownFileType = image.png; name = hong_kong_flag_256.png; path = Images/hong_kong_flag_256.png; sourceTree = "<group>"; };
		FE1DB59516A4DE49001B0FF2 /* indonesia_flag_256.png */ = {isa = PBXFileReference; lastKnownFileType = image.png; name = indonesia_flag_256.png; path = Images/indonesia_flag_256.png; sourceTree = "<group>"; };
		FE1DB59616A4DE49001B0FF2 /* italy_flag_256.png */ = {isa = PBXFileReference; lastKnownFileType = image.png; name = italy_flag_256.png; path = Images/italy_flag_256.png; sourceTree = "<group>"; };
		FE1DB59716A4DE49001B0FF2 /* japan_flag_256.png */ = {isa = PBXFileReference; lastKnownFileType = image.png; name = japan_flag_256.png; path = Images/japan_flag_256.png; sourceTree = "<group>"; };
		FE1DB59816A4DE49001B0FF2 /* korea_flag_256.png */ = {isa = PBXFileReference; lastKnownFileType = image.png; name = korea_flag_256.png; path = Images/korea_flag_256.png; sourceTree = "<group>"; };
		FE1DB59916A4DE49001B0FF2 /* netherlands_flag_256.png */ = {isa = PBXFileReference; lastKnownFileType = image.png; name = netherlands_flag_256.png; path = Images/netherlands_flag_256.png; sourceTree = "<group>"; };
		FE1DB59A16A4DE49001B0FF2 /* spain_flag_256.png */ = {isa = PBXFileReference; lastKnownFileType = image.png; name = spain_flag_256.png; path = Images/spain_flag_256.png; sourceTree = "<group>"; };
		FE1DB59B16A4DE49001B0FF2 /* switzerland_flag_256.png */ = {isa = PBXFileReference; lastKnownFileType = image.png; name = switzerland_flag_256.png; path = Images/switzerland_flag_256.png; sourceTree = "<group>"; };
		FE1DB59C16A4DE49001B0FF2 /* usa_flag_256.png */ = {isa = PBXFileReference; lastKnownFileType = image.png; name = usa_flag_256.png; path = Images/usa_flag_256.png; sourceTree = "<group>"; };
		FEF62405167E1C95002ACEEA /* SpriteViewerController.h */ = {isa = PBXFileReference; fileEncoding = 4; lastKnownFileType = sourcecode.c.h; path = SpriteViewerController.h; sourceTree = "<group>"; };
		FEF62406167E1C95002ACEEA /* SpriteViewerController.m */ = {isa = PBXFileReference; fileEncoding = 4; lastKnownFileType = sourcecode.c.objc; path = SpriteViewerController.m; sourceTree = "<group>"; };
		FEF6240F167E2296002ACEEA /* SpriteViewer.h */ = {isa = PBXFileReference; fileEncoding = 4; lastKnownFileType = sourcecode.c.h; path = SpriteViewer.h; sourceTree = "<group>"; };
		FEF62410167E2296002ACEEA /* SpriteViewer.m */ = {isa = PBXFileReference; fileEncoding = 4; lastKnownFileType = sourcecode.c.objc; path = SpriteViewer.m; sourceTree = "<group>"; };
		FEF62412167E22AE002ACEEA /* SpriteViewer.xib */ = {isa = PBXFileReference; fileEncoding = 4; lastKnownFileType = file.xib; path = SpriteViewer.xib; sourceTree = "<group>"; };
/* End PBXFileReference section */

/* Begin PBXFrameworksBuildPhase section */
		3C904B0C140874B200A46814 /* Frameworks */ = {
			isa = PBXFrameworksBuildPhase;
			buildActionMask = 2147483647;
			files = (
				FEB22346167C1DA200ACF773 /* Foundation.framework in Frameworks */,
				FEB22345167C1D9600ACF773 /* CoreData.framework in Frameworks */,
				FEB22343167C1D7E00ACF773 /* AppKit.framework in Frameworks */,
				3C904B14140874B200A46814 /* Cocoa.framework in Frameworks */,
			);
			runOnlyForDeploymentPostprocessing = 0;
		};
/* End PBXFrameworksBuildPhase section */

/* Begin PBXGroup section */
		3C0BB1C0140877F900D12DDA /* ROM */ = {
			isa = PBXGroup;
			children = (
				3CA805C91468B11B0017587F /* Types */,
				3CA805C51468AE970017587F /* Helpers */,
				3CFA52C6140B3D9100808AB0 /* Objects */,
				3C0BB1C31408782700D12DDA /* RomBase.m */,
				3C0BB1C21408782700D12DDA /* RomBase.h */,
				3CDB04E31409C7FC00D4201D /* RomEUR.m */,
				3CDB04E21409C7FC00D4201D /* RomEUR.h */,
			);
			name = ROM;
			sourceTree = "<group>";
		};
		3C40303014B04FEE00CEB708 /* GUI */ = {
			isa = PBXGroup;
			children = (
				3C6095F314B1193B00355751 /* Windows */,
				3C6095F214B1187B00355751 /* Views */,
			);
			name = GUI;
			sourceTree = "<group>";
		};
		3C5C1B0614D6308B001039D6 /* Import Window */ = {
			isa = PBXGroup;
			children = (
				3C647CE314D60653005AC9A7 /* Delete Comfirmation */,
				3C676EAE14B58DCC007BB414 /* ImportWindow.m */,
				3C676EAD14B58DCC007BB414 /* ImportWindow.h */,
				3CF4085314C4BC9800F92E60 /* ImportWindow.xib */,
				3CF4085E14C4C82B00F92E60 /* ImportWindowTableRowView.m */,
				3CF4085D14C4C82B00F92E60 /* ImportWindowTableRowView.h */,
				3C037EA014C629DD00B4F148 /* ImportWindowController.m */,
				3C037E9F14C629DD00B4F148 /* ImportWindowController.h */,
			);
			name = "Import Window";
			sourceTree = "<group>";
		};
		3C5C1B0814D6309C001039D6 /* Track Editor */ = {
			isa = PBXGroup;
			children = (
				3C6095F514B145EB00355751 /* TrackEditorWindow.m */,
				3C6095F414B145EB00355751 /* TrackEditorWindow.h */,
			);
			name = "Track Editor";
			sourceTree = "<group>";
		};
		3C5C1B0914D63316001039D6 /* Tool Window */ = {
			isa = PBXGroup;
			children = (
				3C5C1B0A14D6334F001039D6 /* ToolWindow.xib */,
			);
			name = "Tool Window";
			sourceTree = "<group>";
		};
		3C6095F214B1187B00355751 /* Views */ = {
			isa = PBXGroup;
			children = (
				3C40302D14B04FE600CEB708 /* SMKTrackView.m */,
				3C40302C14B04FE600CEB708 /* SMKTrackView.h */,
			);
			name = Views;
			sourceTree = "<group>";
		};
		3C6095F314B1193B00355751 /* Windows */ = {
			isa = PBXGroup;
			children = (
				FEF62400167E1C24002ACEEA /* Sprite Viewer */,
				3C881F0814D88E1B0096F949 /* Processing Window */,
				3C5C1B0914D63316001039D6 /* Tool Window */,
				3C5C1B0814D6309C001039D6 /* Track Editor */,
				3C5C1B0614D6308B001039D6 /* Import Window */,
			);
			name = Windows;
			sourceTree = "<group>";
		};
		3C647CE314D60653005AC9A7 /* Delete Comfirmation */ = {
			isa = PBXGroup;
			children = (
				3CA38A5714D4E68B00FB277B /* ImportDeleteWindow.m */,
				3CA38A5614D4E68B00FB277B /* ImportDeleteWindow.h */,
				3CA38A5A14D4E6A300FB277B /* ImportDeleteWindow.xib */,
				3C647CE614D6067D005AC9A7 /* ImportDeleteWindowController.m */,
				3C647CE514D6067D005AC9A7 /* ImportDeleteWindowController.h */,
			);
			name = "Delete Comfirmation";
			sourceTree = "<group>";
		};
		3C647CEC14D619D2005AC9A7 /* Categories */ = {
			isa = PBXGroup;
			children = (
				3C647CEF14D61A2F005AC9A7 /* DataRom+Helpers.m */,
				3C647CEE14D61A2F005AC9A7 /* DataRom+Helpers.h */,
			);
			name = Categories;
			sourceTree = "<group>";
		};
		3C881F0814D88E1B0096F949 /* Processing Window */ = {
			isa = PBXGroup;
			children = (
				3C881F0A14D88E3E0096F949 /* ProcessWindow.m */,
				3C881F0914D88E3E0096F949 /* ProcessWindow.h */,
				3C881F0514D88B530096F949 /* ProcessWindow.xib */,
				3CDF988714DF543800B29526 /* ProcessWindowController.m */,
				3CDF988614DF543800B29526 /* ProcessWindowController.h */,
			);
			name = "Processing Window";
			sourceTree = "<group>";
		};
		3C89D8E914C8C19A00BD8522 /* CoreData */ = {
			isa = PBXGroup;
			children = (
				3C647CEC14D619D2005AC9A7 /* Categories */,
				3C89D8EB14C8C1B000BD8522 /* SMK.xcdatamodeld */,
				3C6063AB14D2008F0080E64A /* DataRom.m */,
				3C6063AA14D2008F0080E64A /* DataRom.h */,
				3C89D8EF14C8C99300BD8522 /* DataRomManager.m */,
				3C89D8EE14C8C99300BD8522 /* DataRomManager.h */,
				3CCED08414D4AC2D00CE3C72 /* DataRomTransformer.m */,
				3CCED08314D4AC2D00CE3C72 /* DataRomTransformer.h */,
			);
			name = CoreData;
			sourceTree = "<group>";
		};
		3C904B04140874B200A46814 = {
			isa = PBXGroup;
			children = (
				3C904B19140874B200A46814 /* SMK Editor */,
				3C904B12140874B200A46814 /* Frameworks */,
				3C904B10140874B200A46814 /* Products */,
			);
			sourceTree = "<group>";
		};
		3C904B10140874B200A46814 /* Products */ = {
			isa = PBXGroup;
			children = (
				3C904B0F140874B200A46814 /* SMK Editor.app */,
			);
			name = Products;
			sourceTree = "<group>";
		};
		3C904B12140874B200A46814 /* Frameworks */ = {
			isa = PBXGroup;
			children = (
				3C904B16140874B200A46814 /* AppKit.framework */,
				3C904B17140874B200A46814 /* CoreData.framework */,
				3C904B18140874B200A46814 /* Foundation.framework */,
				3C904B13140874B200A46814 /* Cocoa.framework */,
			);
			name = Frameworks;
			sourceTree = "<group>";
		};
		3C904B19140874B200A46814 /* SMK Editor */ = {
			isa = PBXGroup;
			children = (
				3CDEF647164ED58F00ACAF48 /* General */,
				3C89D8E914C8C19A00BD8522 /* CoreData */,
				3CD9059114C7926F0018B80B /* Images */,
				3C40303014B04FEE00CEB708 /* GUI */,
				3C0BB1C0140877F900D12DDA /* ROM */,
				3C904B26140874B200A46814 /* AppDelegate.m */,
				3C904B25140874B200A46814 /* AppDelegate.h */,
				3C904B28140874B200A46814 /* MainMenu.xib */,
				3C904B1A140874B200A46814 /* Supporting Files */,
			);
			path = "SMK Editor";
			sourceTree = "<group>";
		};
		3C904B1A140874B200A46814 /* Supporting Files */ = {
			isa = PBXGroup;
			children = (
				3C904B1B140874B200A46814 /* SMK Editor-Info.plist */,
				3C904B1C140874B200A46814 /* InfoPlist.strings */,
				3C904B1F140874B200A46814 /* main.m */,
				3C904B21140874B200A46814 /* SMK Editor-Prefix.pch */,
				3C904B22140874B200A46814 /* Credits.rtf */,
			);
			name = "Supporting Files";
			sourceTree = "<group>";
		};
		3CA805C51468AE970017587F /* Helpers */ = {
			isa = PBXGroup;
			children = (
				3CA805C71468AEBE0017587F /* NSValue+Rom.m */,
				3CA805C61468AEBE0017587F /* NSValue+Rom.h */,
				3CC563811469EC94005FBADC /* NSData+Decompressor.m */,
				3CC563801469EC94005FBADC /* NSData+Decompressor.h */,
				3C8169AA166311F5002583D3 /* RomBase+Info.m */,
				3C8169A9166311F5002583D3 /* RomBase+Info.h */,
			);
			name = Helpers;
			sourceTree = "<group>";
		};
		3CA805C91468B11B0017587F /* Types */ = {
			isa = PBXGroup;
			children = (
				3CA805CA1468B22D0017587F /* RomRange.h */,
				3C4F9A19146F7D1A0055796F /* RomTypes.h */,
			);
			name = Types;
			sourceTree = "<group>";
		};
		3CD9059114C7926F0018B80B /* Images */ = {
			isa = PBXGroup;
			children = (
				FE1DB58C16A4DE49001B0FF2 /* australia_flag_256.png */,
				FE1DB58D16A4DE49001B0FF2 /* austria_flag_256.png */,
				FE1DB58E16A4DE49001B0FF2 /* china_flag_256.png */,
				FE1DB58F16A4DE49001B0FF2 /* denmark_flag_256.png */,
				FE1DB59016A4DE49001B0FF2 /* europe_flag_256.png */,
				FE1DB59116A4DE49001B0FF2 /* finland_flag_256.png */,
				FE1DB59216A4DE49001B0FF2 /* france_flag_256.png */,
				FE1DB59316A4DE49001B0FF2 /* germany_flag_256.png */,
				FE1DB59416A4DE49001B0FF2 /* hong_kong_flag_256.png */,
				FE1DB59516A4DE49001B0FF2 /* indonesia_flag_256.png */,
				FE1DB59616A4DE49001B0FF2 /* italy_flag_256.png */,
				FE1DB59716A4DE49001B0FF2 /* japan_flag_256.png */,
				FE1DB59816A4DE49001B0FF2 /* korea_flag_256.png */,
				FE1DB59916A4DE49001B0FF2 /* netherlands_flag_256.png */,
				FE1DB59A16A4DE49001B0FF2 /* spain_flag_256.png */,
				FE1DB59B16A4DE49001B0FF2 /* switzerland_flag_256.png */,
				FE1DB59C16A4DE49001B0FF2 /* usa_flag_256.png */,
				3CD9059514C792840018B80B /* usa_flag_256.png */,
			);
			name = Images;
			sourceTree = "<group>";
		};
		3CDEF647164ED58F00ACAF48 /* General */ = {
			isa = PBXGroup;
			children = (
				3CDEF649164ED5B400ACAF48 /* Singleton.h */,
			);
			name = General;
			sourceTree = "<group>";
		};
		3CFA52C6140B3D9100808AB0 /* Objects */ = {
			isa = PBXGroup;
			children = (
				3C6A5287146E1D87007D4BF3 /* RomObjPaletteGroup.m */,
				3C6A5286146E1D87007D4BF3 /* RomObjPaletteGroup.h */,
				3C6A528B146E1E1B007D4BF3 /* RomObjPalette.m */,
				3C6A528A146E1E1B007D4BF3 /* RomObjPalette.h */,
				3CC56384146A1177005FBADC /* RomObjTileGroup.m */,
				3CC56383146A1177005FBADC /* RomObjTileGroup.h */,
				2359EBE314781D6300E6CA39 /* RomObjTile.m */,
				2359EBE214781D6300E6CA39 /* RomObjTile.h */,
				3CC5637E1469EC1B005FBADC /* RomObjTheme.m */,
				3CC5637D1469EC1B005FBADC /* RomObjTheme.h */,
				3CC563781469D933005FBADC /* RomObjText.m */,
				3CC563771469D933005FBADC /* RomObjText.h */,
				3CC5637B1469DA0D005FBADC /* RomObj.m */,
				3CC5637A1469DA0D005FBADC /* RomObj.h */,
				3C40DC5314AEBFDB00EB296F /* RomObjTrack.m */,
				3C40DC5214AEBFDA00EB296F /* RomObjTrack.h */,
				3CC9F87F14B2FDC4000AE6A4 /* RomObjOverlay.m */,
				3CC9F87E14B2FDC4000AE6A4 /* RomObjOverlay.h */,
				3C4E6F0114B7694000035A8C /* RomObjKart.m */,
				3C4E6F0014B7694000035A8C /* RomObjKart.h */,
				3C2EC60B16757960004BC8F5 /* RomObjAIData.m */,
				3C2EC60A1675795F004BC8F5 /* RomObjAIData.h */,
			);
			name = Objects;
			sourceTree = "<group>";
		};
		FEF62400167E1C24002ACEEA /* Sprite Viewer */ = {
			isa = PBXGroup;
			children = (
				FEF62410167E2296002ACEEA /* SpriteViewer.m */,
				FEF6240F167E2296002ACEEA /* SpriteViewer.h */,
				FEF62412167E22AE002ACEEA /* SpriteViewer.xib */,
				FEF62406167E1C95002ACEEA /* SpriteViewerController.m */,
				FEF62405167E1C95002ACEEA /* SpriteViewerController.h */,
			);
			name = "Sprite Viewer";
			sourceTree = "<group>";
		};
/* End PBXGroup section */

/* Begin PBXNativeTarget section */
		3C904B0E140874B200A46814 /* SMK Editor */ = {
			isa = PBXNativeTarget;
			buildConfigurationList = 3C904B2D140874B200A46814 /* Build configuration list for PBXNativeTarget "SMK Editor" */;
			buildPhases = (
				3C904B0B140874B200A46814 /* Sources */,
				3C904B0C140874B200A46814 /* Frameworks */,
				3C904B0D140874B200A46814 /* Resources */,
			);
			buildRules = (
			);
			dependencies = (
			);
			name = "SMK Editor";
			productName = "SMK Editor";
			productReference = 3C904B0F140874B200A46814 /* SMK Editor.app */;
			productType = "com.apple.product-type.application";
		};
/* End PBXNativeTarget section */

/* Begin PBXProject section */
		3C904B06140874B200A46814 /* Project object */ = {
			isa = PBXProject;
			attributes = {
				LastUpgradeCheck = 0450;
				ORGANIZATIONNAME = "Banana Iguana";
			};
			buildConfigurationList = 3C904B09140874B200A46814 /* Build configuration list for PBXProject "SMK Editor" */;
			compatibilityVersion = "Xcode 3.2";
			developmentRegion = English;
			hasScannedForEncodings = 0;
			knownRegions = (
				en,
			);
			mainGroup = 3C904B04140874B200A46814;
			productRefGroup = 3C904B10140874B200A46814 /* Products */;
			projectDirPath = "";
			projectRoot = "";
			targets = (
				3C904B0E140874B200A46814 /* SMK Editor */,
			);
		};
/* End PBXProject section */

/* Begin PBXResourcesBuildPhase section */
		3C904B0D140874B200A46814 /* Resources */ = {
			isa = PBXResourcesBuildPhase;
			buildActionMask = 2147483647;
			files = (
				3C904B1E140874B200A46814 /* InfoPlist.strings in Resources */,
				3C904B24140874B200A46814 /* Credits.rtf in Resources */,
				3C904B2A140874B200A46814 /* MainMenu.xib in Resources */,
				3CF4085414C4BC9800F92E60 /* ImportWindow.xib in Resources */,
				3CD9059814C792840018B80B /* usa_flag_256.png in Resources */,
				3CA38A5B14D4E6A300FB277B /* ImportDeleteWindow.xib in Resources */,
				3C5C1B0B14D6334F001039D6 /* ToolWindow.xib in Resources */,
				3C881F0614D88B530096F949 /* ProcessWindow.xib in Resources */,
				FEF62413167E22AE002ACEEA /* SpriteViewer.xib in Resources */,
				FE1DB59D16A4DE49001B0FF2 /* australia_flag_256.png in Resources */,
				FE1DB59E16A4DE49001B0FF2 /* austria_flag_256.png in Resources */,
				FE1DB59F16A4DE49001B0FF2 /* china_flag_256.png in Resources */,
				FE1DB5A016A4DE49001B0FF2 /* denmark_flag_256.png in Resources */,
				FE1DB5A116A4DE49001B0FF2 /* europe_flag_256.png in Resources */,
				FE1DB5A216A4DE49001B0FF2 /* finland_flag_256.png in Resources */,
				FE1DB5A316A4DE49001B0FF2 /* france_flag_256.png in Resources */,
				FE1DB5A416A4DE49001B0FF2 /* germany_flag_256.png in Resources */,
				FE1DB5A516A4DE49001B0FF2 /* hong_kong_flag_256.png in Resources */,
				FE1DB5A616A4DE49001B0FF2 /* indonesia_flag_256.png in Resources */,
				FE1DB5A716A4DE49001B0FF2 /* italy_flag_256.png in Resources */,
				FE1DB5A816A4DE49001B0FF2 /* japan_flag_256.png in Resources */,
				FE1DB5A916A4DE49001B0FF2 /* korea_flag_256.png in Resources */,
				FE1DB5AA16A4DE49001B0FF2 /* netherlands_flag_256.png in Resources */,
				FE1DB5AB16A4DE49001B0FF2 /* spain_flag_256.png in Resources */,
				FE1DB5AC16A4DE49001B0FF2 /* switzerland_flag_256.png in Resources */,
				FE1DB5AD16A4DE49001B0FF2 /* usa_flag_256.png in Resources */,
			);
			runOnlyForDeploymentPostprocessing = 0;
		};
/* End PBXResourcesBuildPhase section */

/* Begin PBXSourcesBuildPhase section */
		3C904B0B140874B200A46814 /* Sources */ = {
			isa = PBXSourcesBuildPhase;
			buildActionMask = 2147483647;
			files = (
				3C904B20140874B200A46814 /* main.m in Sources */,
				3C904B27140874B200A46814 /* AppDelegate.m in Sources */,
				3C0BB1C41408782700D12DDA /* RomBase.m in Sources */,
				3CDB04E41409C7FC00D4201D /* RomEUR.m in Sources */,
				3CA805C81468AEBE0017587F /* NSValue+Rom.m in Sources */,
				3CC563791469D933005FBADC /* RomObjText.m in Sources */,
				3CC5637C1469DA0D005FBADC /* RomObj.m in Sources */,
				3CC5637F1469EC1B005FBADC /* RomObjTheme.m in Sources */,
				3CC563821469EC94005FBADC /* NSData+Decompressor.m in Sources */,
				3CC56385146A1177005FBADC /* RomObjTileGroup.m in Sources */,
				3C6A5288146E1D87007D4BF3 /* RomObjPaletteGroup.m in Sources */,
				3C6A528C146E1E1B007D4BF3 /* RomObjPalette.m in Sources */,
				2359EBE414781D6300E6CA39 /* RomObjTile.m in Sources */,
				3C40DC5414AEBFDB00EB296F /* RomObjTrack.m in Sources */,
				3C40302E14B04FE700CEB708 /* SMKTrackView.m in Sources */,
				3C6095F614B145EB00355751 /* TrackEditorWindow.m in Sources */,
				3CC9F88014B2FDC4000AE6A4 /* RomObjOverlay.m in Sources */,
				3C676EAF14B58DCC007BB414 /* ImportWindow.m in Sources */,
				3C4E6F0214B7694000035A8C /* RomObjKart.m in Sources */,
				3CF4085F14C4C82B00F92E60 /* ImportWindowTableRowView.m in Sources */,
				3C037EA114C629DD00B4F148 /* ImportWindowController.m in Sources */,
				3C89D8ED14C8C1B000BD8522 /* SMK.xcdatamodeld in Sources */,
				3C89D8F014C8C99300BD8522 /* DataRomManager.m in Sources */,
				3C6063AC14D2008F0080E64A /* DataRom.m in Sources */,
				3CCED08514D4AC2D00CE3C72 /* DataRomTransformer.m in Sources */,
				3CA38A5814D4E68B00FB277B /* ImportDeleteWindow.m in Sources */,
				3C647CE714D6067D005AC9A7 /* ImportDeleteWindowController.m in Sources */,
				3C647CF014D61A2F005AC9A7 /* DataRom+Helpers.m in Sources */,
				3C881F0B14D88E3E0096F949 /* ProcessWindow.m in Sources */,
				3CDF988814DF543800B29526 /* ProcessWindowController.m in Sources */,
				3C8169AB166311F5002583D3 /* RomBase+Info.m in Sources */,
				3C2EC60C16757960004BC8F5 /* RomObjAIData.m in Sources */,
				FEF62408167E1C95002ACEEA /* SpriteViewerController.m in Sources */,
				FEF62411167E2296002ACEEA /* SpriteViewer.m in Sources */,
			);
			runOnlyForDeploymentPostprocessing = 0;
		};
/* End PBXSourcesBuildPhase section */

/* Begin PBXVariantGroup section */
		3C904B1C140874B200A46814 /* InfoPlist.strings */ = {
			isa = PBXVariantGroup;
			children = (
				3C904B1D140874B200A46814 /* en */,
			);
			name = InfoPlist.strings;
			sourceTree = "<group>";
		};
		3C904B22140874B200A46814 /* Credits.rtf */ = {
			isa = PBXVariantGroup;
			children = (
				3C904B23140874B200A46814 /* en */,
			);
			name = Credits.rtf;
			sourceTree = "<group>";
		};
		3C904B28140874B200A46814 /* MainMenu.xib */ = {
			isa = PBXVariantGroup;
			children = (
				3C904B29140874B200A46814 /* en */,
			);
			name = MainMenu.xib;
			sourceTree = "<group>";
		};
/* End PBXVariantGroup section */

/* Begin XCBuildConfiguration section */
		3C904B2B140874B200A46814 /* Debug */ = {
			isa = XCBuildConfiguration;
			buildSettings = {
				ALWAYS_SEARCH_USER_PATHS = NO;
				ARCHS = "$(ARCHS_STANDARD_64_BIT)";
				COPY_PHASE_STRIP = NO;
				GCC_C_LANGUAGE_STANDARD = gnu99;
				GCC_DYNAMIC_NO_PIC = NO;
				GCC_ENABLE_OBJC_EXCEPTIONS = YES;
				GCC_OPTIMIZATION_LEVEL = 0;
				GCC_PREPROCESSOR_DEFINITIONS = (
					"DEBUG=1",
					"$(inherited)",
				);
				GCC_SYMBOLS_PRIVATE_EXTERN = NO;
				GCC_VERSION = "";
				GCC_WARN_64_TO_32_BIT_CONVERSION = YES;
				GCC_WARN_ABOUT_MISSING_PROTOTYPES = YES;
				GCC_WARN_ABOUT_RETURN_TYPE = YES;
				GCC_WARN_UNUSED_VARIABLE = YES;
				MACOSX_DEPLOYMENT_TARGET = 10.7;
				ONLY_ACTIVE_ARCH = YES;
				SDKROOT = macosx;
			};
			name = Debug;
		};
		3C904B2C140874B200A46814 /* Release */ = {
			isa = XCBuildConfiguration;
			buildSettings = {
				ALWAYS_SEARCH_USER_PATHS = NO;
				ARCHS = "$(ARCHS_STANDARD_64_BIT)";
				COPY_PHASE_STRIP = YES;
				DEBUG_INFORMATION_FORMAT = "dwarf-with-dsym";
				GCC_C_LANGUAGE_STANDARD = gnu99;
				GCC_ENABLE_OBJC_EXCEPTIONS = YES;
				GCC_VERSION = "";
				GCC_WARN_64_TO_32_BIT_CONVERSION = YES;
				GCC_WARN_ABOUT_MISSING_PROTOTYPES = YES;
				GCC_WARN_ABOUT_RETURN_TYPE = YES;
				GCC_WARN_UNUSED_VARIABLE = YES;
				MACOSX_DEPLOYMENT_TARGET = 10.7;
				SDKROOT = macosx;
			};
			name = Release;
		};
		3C904B2E140874B200A46814 /* Debug */ = {
			isa = XCBuildConfiguration;
			buildSettings = {
				CLANG_ENABLE_OBJC_ARC = YES;
				COMBINE_HIDPI_IMAGES = YES;
				GCC_PRECOMPILE_PREFIX_HEADER = YES;
				GCC_PREFIX_HEADER = "SMK Editor/SMK Editor-Prefix.pch";
				INFOPLIST_FILE = "SMK Editor/SMK Editor-Info.plist";
				PRODUCT_NAME = "$(TARGET_NAME)";
				WRAPPER_EXTENSION = app;
			};
			name = Debug;
		};
		3C904B2F140874B200A46814 /* Release */ = {
			isa = XCBuildConfiguration;
			buildSettings = {
				CLANG_ENABLE_OBJC_ARC = YES;
				COMBINE_HIDPI_IMAGES = YES;
				GCC_PRECOMPILE_PREFIX_HEADER = YES;
				GCC_PREFIX_HEADER = "SMK Editor/SMK Editor-Prefix.pch";
				INFOPLIST_FILE = "SMK Editor/SMK Editor-Info.plist";
				PRODUCT_NAME = "$(TARGET_NAME)";
				WRAPPER_EXTENSION = app;
			};
			name = Release;
		};
/* End XCBuildConfiguration section */

/* Begin XCConfigurationList section */
		3C904B09140874B200A46814 /* Build configuration list for PBXProject "SMK Editor" */ = {
			isa = XCConfigurationList;
			buildConfigurations = (
				3C904B2B140874B200A46814 /* Debug */,
				3C904B2C140874B200A46814 /* Release */,
			);
			defaultConfigurationIsVisible = 0;
			defaultConfigurationName = Release;
		};
		3C904B2D140874B200A46814 /* Build configuration list for PBXNativeTarget "SMK Editor" */ = {
			isa = XCConfigurationList;
			buildConfigurations = (
				3C904B2E140874B200A46814 /* Debug */,
				3C904B2F140874B200A46814 /* Release */,
			);
			defaultConfigurationIsVisible = 0;
			defaultConfigurationName = Release;
		};
/* End XCConfigurationList section */

/* Begin XCVersionGroup section */
		3C89D8EB14C8C1B000BD8522 /* SMK.xcdatamodeld */ = {
			isa = XCVersionGroup;
			children = (
				3C89D8EC14C8C1B000BD8522 /* SMK.xcdatamodel */,
			);
			currentVersion = 3C89D8EC14C8C1B000BD8522 /* SMK.xcdatamodel */;
			path = SMK.xcdatamodeld;
			sourceTree = "<group>";
			versionGroupType = wrapper.xcdatamodel;
		};
/* End XCVersionGroup section */
	};
	rootObject = 3C904B06140874B200A46814 /* Project object */;
}
